// !$*UTF8*$!
{
	archiveVersion = 1;
	classes = {
	};
	objectVersion = 51;
	objects = {

/* Begin PBXBuildFile section */
		7C050CB0BDFC27A0B3556D3F /* Pods_AudioFoundationTest.framework in Frameworks */ = {isa = PBXBuildFile; fileRef = 32FAF73E278E1719610C2021 /* Pods_AudioFoundationTest.framework */; };
		BF5598C7248E8F83005DB9D6 /* AppDelegate.swift in Sources */ = {isa = PBXBuildFile; fileRef = BF5598C6248E8F83005DB9D6 /* AppDelegate.swift */; };
		BF5598D0248E8F85005DB9D6 /* Assets.xcassets in Resources */ = {isa = PBXBuildFile; fileRef = BF5598CF248E8F85005DB9D6 /* Assets.xcassets */; };
		BF5598D3248E8F85005DB9D6 /* LaunchScreen.storyboard in Resources */ = {isa = PBXBuildFile; fileRef = BF5598D1248E8F85005DB9D6 /* LaunchScreen.storyboard */; };
		BF5598DB248EA26A005DB9D6 /* AudioPlayerView.swift in Sources */ = {isa = PBXBuildFile; fileRef = BF5598DA248EA26A005DB9D6 /* AudioPlayerView.swift */; };
		BF5598DD248EE80A005DB9D6 /* RecordingsCollectionView.swift in Sources */ = {isa = PBXBuildFile; fileRef = BF5598DC248EE80A005DB9D6 /* RecordingsCollectionView.swift */; };
		BF5598DF248EEE67005DB9D6 /* RecordingsDataSource.swift in Sources */ = {isa = PBXBuildFile; fileRef = BF5598DE248EEE67005DB9D6 /* RecordingsDataSource.swift */; };
		BF5598E2248EEEDA005DB9D6 /* RecordingCollectionViewCell.swift in Sources */ = {isa = PBXBuildFile; fileRef = BF5598E1248EEEDA005DB9D6 /* RecordingCollectionViewCell.swift */; };
		BF5598E4248EF2C4005DB9D6 /* RecordingsCollectionLayout.swift in Sources */ = {isa = PBXBuildFile; fileRef = BF5598E3248EF2C4005DB9D6 /* RecordingsCollectionLayout.swift */; };
		BF5598E6248EF9DC005DB9D6 /* Recording.swift in Sources */ = {isa = PBXBuildFile; fileRef = BF5598E5248EF9DC005DB9D6 /* Recording.swift */; };
		BF5598EB24917352005DB9D6 /* PlayerStatus.swift in Sources */ = {isa = PBXBuildFile; fileRef = BF5598EA24917352005DB9D6 /* PlayerStatus.swift */; };
		BFBFDAB7249676C700EEA965 /* RecordingsViewController.swift in Sources */ = {isa = PBXBuildFile; fileRef = BFBFDAB6249676C700EEA965 /* RecordingsViewController.swift */; };
		BFBFDAB9249676EA00EEA965 /* RecordViewController.swift in Sources */ = {isa = PBXBuildFile; fileRef = BFBFDAB8249676EA00EEA965 /* RecordViewController.swift */; };
		BFBFDABB2496771E00EEA965 /* AppCoordinator.swift in Sources */ = {isa = PBXBuildFile; fileRef = BFBFDABA2496771E00EEA965 /* AppCoordinator.swift */; };
		BFBFDABD2496AC3900EEA965 /* RecordView.swift in Sources */ = {isa = PBXBuildFile; fileRef = BFBFDABC2496AC3900EEA965 /* RecordView.swift */; };
		BFBFDAC72496B44600EEA965 /* Montserrat-Regular.ttf in Resources */ = {isa = PBXBuildFile; fileRef = BFBFDAC12496B44500EEA965 /* Montserrat-Regular.ttf */; };
		BFBFDAC82496B44600EEA965 /* Montserrat-Medium.ttf in Resources */ = {isa = PBXBuildFile; fileRef = BFBFDAC22496B44500EEA965 /* Montserrat-Medium.ttf */; };
		BFBFDAC92496B44600EEA965 /* Montserrat-Light.ttf in Resources */ = {isa = PBXBuildFile; fileRef = BFBFDAC32496B44500EEA965 /* Montserrat-Light.ttf */; };
		BFBFDACA2496B44600EEA965 /* Montserrat-Bold.ttf in Resources */ = {isa = PBXBuildFile; fileRef = BFBFDAC42496B44500EEA965 /* Montserrat-Bold.ttf */; };
		BFBFDACB2496B44600EEA965 /* Montserrat-SemiBold.ttf in Resources */ = {isa = PBXBuildFile; fileRef = BFBFDAC52496B44500EEA965 /* Montserrat-SemiBold.ttf */; };
		BFBFDACC2496B44600EEA965 /* Montserrat-Thin.ttf in Resources */ = {isa = PBXBuildFile; fileRef = BFBFDAC62496B44600EEA965 /* Montserrat-Thin.ttf */; };
		BFBFDACE2496B5AA00EEA965 /* Constants.swift in Sources */ = {isa = PBXBuildFile; fileRef = BFBFDACD2496B5AA00EEA965 /* Constants.swift */; };
		BFBFDAD22496B7EE00EEA965 /* UIColorHelper.swift in Sources */ = {isa = PBXBuildFile; fileRef = BFBFDAD12496B7EE00EEA965 /* UIColorHelper.swift */; };
		BFBFDAD42496BFF400EEA965 /* RecordingPlayer.swift in Sources */ = {isa = PBXBuildFile; fileRef = BFBFDAD32496BFF400EEA965 /* RecordingPlayer.swift */; };
		BFBFDAD62496D38600EEA965 /* PlayerView.swift in Sources */ = {isa = PBXBuildFile; fileRef = BFBFDAD52496D38600EEA965 /* PlayerView.swift */; };
		BFBFDAD82496F99C00EEA965 /* AudioPlayer.swift in Sources */ = {isa = PBXBuildFile; fileRef = BFBFDAD72496F99C00EEA965 /* AudioPlayer.swift */; };
		BFBFDADD2498E8CC00EEA965 /* PlayingTrack.swift in Sources */ = {isa = PBXBuildFile; fileRef = BFBFDADC2498E8CC00EEA965 /* PlayingTrack.swift */; };
		BFBFDADF2499780900EEA965 /* TimeIntervalHelper.swift in Sources */ = {isa = PBXBuildFile; fileRef = BFBFDADE2499780900EEA965 /* TimeIntervalHelper.swift */; };
		BFBFDAE3249997CE00EEA965 /* DataBaseAcess.swift in Sources */ = {isa = PBXBuildFile; fileRef = BFBFDAE2249997CE00EEA965 /* DataBaseAcess.swift */; };
		BFBFDAE6249AE78000EEA965 /* RecordingPlayerViewController.swift in Sources */ = {isa = PBXBuildFile; fileRef = BFBFDAE5249AE78000EEA965 /* RecordingPlayerViewController.swift */; };
		BFBFDAEA249B09C300EEA965 /* AudioPlayerComponent.swift in Sources */ = {isa = PBXBuildFile; fileRef = BFBFDAE9249B09C300EEA965 /* AudioPlayerComponent.swift */; };
		BFBFDAEC249B0A0900EEA965 /* AudioPlayerComponentView.swift in Sources */ = {isa = PBXBuildFile; fileRef = BFBFDAEB249B0A0900EEA965 /* AudioPlayerComponentView.swift */; };
		BFBFDAEE249B0A7400EEA965 /* LayoutConstraintHelper.swift in Sources */ = {isa = PBXBuildFile; fileRef = BFBFDAED249B0A7400EEA965 /* LayoutConstraintHelper.swift */; };
		BFBFDAF1249B81E600EEA965 /* RoutersHelper.swift in Sources */ = {isa = PBXBuildFile; fileRef = BFBFDAF0249B81E600EEA965 /* RoutersHelper.swift */; };
/* End PBXBuildFile section */

/* Begin PBXFileReference section */
		32FAF73E278E1719610C2021 /* Pods_AudioFoundationTest.framework */ = {isa = PBXFileReference; explicitFileType = wrapper.framework; includeInIndex = 0; path = Pods_AudioFoundationTest.framework; sourceTree = BUILT_PRODUCTS_DIR; };
		33C8B9D05F56559D9B985F7A /* Pods-AudioFoundationTest.release.xcconfig */ = {isa = PBXFileReference; includeInIndex = 1; lastKnownFileType = text.xcconfig; name = "Pods-AudioFoundationTest.release.xcconfig"; path = "Target Support Files/Pods-AudioFoundationTest/Pods-AudioFoundationTest.release.xcconfig"; sourceTree = "<group>"; };
		6DE70B600E3C400CFB6AD785 /* Pods-AudioFoundationTest.debug.xcconfig */ = {isa = PBXFileReference; includeInIndex = 1; lastKnownFileType = text.xcconfig; name = "Pods-AudioFoundationTest.debug.xcconfig"; path = "Target Support Files/Pods-AudioFoundationTest/Pods-AudioFoundationTest.debug.xcconfig"; sourceTree = "<group>"; };
		BF5598C3248E8F83005DB9D6 /* Recording.app */ = {isa = PBXFileReference; explicitFileType = wrapper.application; includeInIndex = 0; path = Recording.app; sourceTree = BUILT_PRODUCTS_DIR; };
		BF5598C6248E8F83005DB9D6 /* AppDelegate.swift */ = {isa = PBXFileReference; lastKnownFileType = sourcecode.swift; path = AppDelegate.swift; sourceTree = "<group>"; };
		BF5598CF248E8F85005DB9D6 /* Assets.xcassets */ = {isa = PBXFileReference; lastKnownFileType = folder.assetcatalog; path = Assets.xcassets; sourceTree = "<group>"; };
		BF5598D2248E8F85005DB9D6 /* Base */ = {isa = PBXFileReference; lastKnownFileType = file.storyboard; name = Base; path = Base.lproj/LaunchScreen.storyboard; sourceTree = "<group>"; };
		BF5598D4248E8F85005DB9D6 /* Info.plist */ = {isa = PBXFileReference; lastKnownFileType = text.plist.xml; path = Info.plist; sourceTree = "<group>"; };
		BF5598DA248EA26A005DB9D6 /* AudioPlayerView.swift */ = {isa = PBXFileReference; lastKnownFileType = sourcecode.swift; path = AudioPlayerView.swift; sourceTree = "<group>"; };
		BF5598DC248EE80A005DB9D6 /* RecordingsCollectionView.swift */ = {isa = PBXFileReference; lastKnownFileType = sourcecode.swift; path = RecordingsCollectionView.swift; sourceTree = "<group>"; };
		BF5598DE248EEE67005DB9D6 /* RecordingsDataSource.swift */ = {isa = PBXFileReference; lastKnownFileType = sourcecode.swift; path = RecordingsDataSource.swift; sourceTree = "<group>"; };
		BF5598E1248EEEDA005DB9D6 /* RecordingCollectionViewCell.swift */ = {isa = PBXFileReference; lastKnownFileType = sourcecode.swift; path = RecordingCollectionViewCell.swift; sourceTree = "<group>"; };
		BF5598E3248EF2C4005DB9D6 /* RecordingsCollectionLayout.swift */ = {isa = PBXFileReference; lastKnownFileType = sourcecode.swift; path = RecordingsCollectionLayout.swift; sourceTree = "<group>"; };
		BF5598E5248EF9DC005DB9D6 /* Recording.swift */ = {isa = PBXFileReference; lastKnownFileType = sourcecode.swift; path = Recording.swift; sourceTree = "<group>"; };
		BF5598EA24917352005DB9D6 /* PlayerStatus.swift */ = {isa = PBXFileReference; lastKnownFileType = sourcecode.swift; path = PlayerStatus.swift; sourceTree = "<group>"; };
		BFBFDAB6249676C700EEA965 /* RecordingsViewController.swift */ = {isa = PBXFileReference; lastKnownFileType = sourcecode.swift; path = RecordingsViewController.swift; sourceTree = "<group>"; };
		BFBFDAB8249676EA00EEA965 /* RecordViewController.swift */ = {isa = PBXFileReference; lastKnownFileType = sourcecode.swift; path = RecordViewController.swift; sourceTree = "<group>"; };
		BFBFDABA2496771E00EEA965 /* AppCoordinator.swift */ = {isa = PBXFileReference; lastKnownFileType = sourcecode.swift; path = AppCoordinator.swift; sourceTree = "<group>"; };
		BFBFDABC2496AC3900EEA965 /* RecordView.swift */ = {isa = PBXFileReference; lastKnownFileType = sourcecode.swift; path = RecordView.swift; sourceTree = "<group>"; };
		BFBFDAC12496B44500EEA965 /* Montserrat-Regular.ttf */ = {isa = PBXFileReference; lastKnownFileType = file; path = "Montserrat-Regular.ttf"; sourceTree = "<group>"; };
		BFBFDAC22496B44500EEA965 /* Montserrat-Medium.ttf */ = {isa = PBXFileReference; lastKnownFileType = file; path = "Montserrat-Medium.ttf"; sourceTree = "<group>"; };
		BFBFDAC32496B44500EEA965 /* Montserrat-Light.ttf */ = {isa = PBXFileReference; lastKnownFileType = file; path = "Montserrat-Light.ttf"; sourceTree = "<group>"; };
		BFBFDAC42496B44500EEA965 /* Montserrat-Bold.ttf */ = {isa = PBXFileReference; lastKnownFileType = file; path = "Montserrat-Bold.ttf"; sourceTree = "<group>"; };
		BFBFDAC52496B44500EEA965 /* Montserrat-SemiBold.ttf */ = {isa = PBXFileReference; lastKnownFileType = file; path = "Montserrat-SemiBold.ttf"; sourceTree = "<group>"; };
		BFBFDAC62496B44600EEA965 /* Montserrat-Thin.ttf */ = {isa = PBXFileReference; lastKnownFileType = file; path = "Montserrat-Thin.ttf"; sourceTree = "<group>"; };
		BFBFDACD2496B5AA00EEA965 /* Constants.swift */ = {isa = PBXFileReference; lastKnownFileType = sourcecode.swift; path = Constants.swift; sourceTree = "<group>"; };
		BFBFDAD12496B7EE00EEA965 /* UIColorHelper.swift */ = {isa = PBXFileReference; lastKnownFileType = sourcecode.swift; path = UIColorHelper.swift; sourceTree = "<group>"; };
		BFBFDAD32496BFF400EEA965 /* RecordingPlayer.swift */ = {isa = PBXFileReference; lastKnownFileType = sourcecode.swift; path = RecordingPlayer.swift; sourceTree = "<group>"; };
		BFBFDAD52496D38600EEA965 /* PlayerView.swift */ = {isa = PBXFileReference; lastKnownFileType = sourcecode.swift; path = PlayerView.swift; sourceTree = "<group>"; };
		BFBFDAD72496F99C00EEA965 /* AudioPlayer.swift */ = {isa = PBXFileReference; lastKnownFileType = sourcecode.swift; path = AudioPlayer.swift; sourceTree = "<group>"; };
		BFBFDADC2498E8CC00EEA965 /* PlayingTrack.swift */ = {isa = PBXFileReference; lastKnownFileType = sourcecode.swift; path = PlayingTrack.swift; sourceTree = "<group>"; };
		BFBFDADE2499780900EEA965 /* TimeIntervalHelper.swift */ = {isa = PBXFileReference; lastKnownFileType = sourcecode.swift; path = TimeIntervalHelper.swift; sourceTree = "<group>"; };
		BFBFDAE2249997CE00EEA965 /* DataBaseAcess.swift */ = {isa = PBXFileReference; lastKnownFileType = sourcecode.swift; path = DataBaseAcess.swift; sourceTree = "<group>"; };
		BFBFDAE5249AE78000EEA965 /* RecordingPlayerViewController.swift */ = {isa = PBXFileReference; lastKnownFileType = sourcecode.swift; path = RecordingPlayerViewController.swift; sourceTree = "<group>"; };
		BFBFDAE9249B09C300EEA965 /* AudioPlayerComponent.swift */ = {isa = PBXFileReference; lastKnownFileType = sourcecode.swift; path = AudioPlayerComponent.swift; sourceTree = "<group>"; };
		BFBFDAEB249B0A0900EEA965 /* AudioPlayerComponentView.swift */ = {isa = PBXFileReference; lastKnownFileType = sourcecode.swift; path = AudioPlayerComponentView.swift; sourceTree = "<group>"; };
		BFBFDAED249B0A7400EEA965 /* LayoutConstraintHelper.swift */ = {isa = PBXFileReference; lastKnownFileType = sourcecode.swift; path = LayoutConstraintHelper.swift; sourceTree = "<group>"; };
		BFBFDAF0249B81E600EEA965 /* RoutersHelper.swift */ = {isa = PBXFileReference; lastKnownFileType = sourcecode.swift; path = RoutersHelper.swift; sourceTree = "<group>"; };
/* End PBXFileReference section */

/* Begin PBXFrameworksBuildPhase section */
		BF5598C0248E8F83005DB9D6 /* Frameworks */ = {
			isa = PBXFrameworksBuildPhase;
			buildActionMask = 2147483647;
			files = (
				7C050CB0BDFC27A0B3556D3F /* Pods_AudioFoundationTest.framework in Frameworks */,
			);
			runOnlyForDeploymentPostprocessing = 0;
		};
/* End PBXFrameworksBuildPhase section */

/* Begin PBXGroup section */
		17613D45A3ED951E9D6317FD /* Pods */ = {
			isa = PBXGroup;
			children = (
				6DE70B600E3C400CFB6AD785 /* Pods-AudioFoundationTest.debug.xcconfig */,
				33C8B9D05F56559D9B985F7A /* Pods-AudioFoundationTest.release.xcconfig */,
			);
			path = Pods;
			sourceTree = "<group>";
		};
		1ADFEDB1B5ACF983E39C9738 /* Frameworks */ = {
			isa = PBXGroup;
			children = (
				32FAF73E278E1719610C2021 /* Pods_AudioFoundationTest.framework */,
			);
			name = Frameworks;
			sourceTree = "<group>";
		};
		BF5598BA248E8F83005DB9D6 = {
			isa = PBXGroup;
			children = (
				BF5598C5248E8F83005DB9D6 /* AudioFoundationTest */,
				BF5598C4248E8F83005DB9D6 /* Products */,
				17613D45A3ED951E9D6317FD /* Pods */,
				1ADFEDB1B5ACF983E39C9738 /* Frameworks */,
			);
			sourceTree = "<group>";
		};
		BF5598C4248E8F83005DB9D6 /* Products */ = {
			isa = PBXGroup;
			children = (
				BF5598C3248E8F83005DB9D6 /* Recording.app */,
			);
			name = Products;
			sourceTree = "<group>";
		};
		BF5598C5248E8F83005DB9D6 /* AudioFoundationTest */ = {
			isa = PBXGroup;
			children = (
				BFBFDAE7249B096000EEA965 /* Components */,
				BFBFDAE0249997B700EEA965 /* Data */,
				BFBFDACF2496B7DB00EEA965 /* Extensions */,
				BFBFDABE2496B41500EEA965 /* Resources */,
				BFBFDAB3249676A200EEA965 /* Scenes */,
				BF5598E92491733D005DB9D6 /* Domain */,
				BF5598C6248E8F83005DB9D6 /* AppDelegate.swift */,
				BF5598CF248E8F85005DB9D6 /* Assets.xcassets */,
				BF5598D1248E8F85005DB9D6 /* LaunchScreen.storyboard */,
				BF5598D4248E8F85005DB9D6 /* Info.plist */,
				BF5598DA248EA26A005DB9D6 /* AudioPlayerView.swift */,
				BF5598DC248EE80A005DB9D6 /* RecordingsCollectionView.swift */,
				BF5598DE248EEE67005DB9D6 /* RecordingsDataSource.swift */,
				BF5598E1248EEEDA005DB9D6 /* RecordingCollectionViewCell.swift */,
				BF5598E3248EF2C4005DB9D6 /* RecordingsCollectionLayout.swift */,
				BFBFDABA2496771E00EEA965 /* AppCoordinator.swift */,
			);
			path = AudioFoundationTest;
			sourceTree = "<group>";
		};
		BF5598E92491733D005DB9D6 /* Domain */ = {
			isa = PBXGroup;
			children = (
				BF5598EA24917352005DB9D6 /* PlayerStatus.swift */,
				BF5598E5248EF9DC005DB9D6 /* Recording.swift */,
				BFBFDACD2496B5AA00EEA965 /* Constants.swift */,
			);
			path = Domain;
			sourceTree = "<group>";
		};
		BFBFDAB3249676A200EEA965 /* Scenes */ = {
			isa = PBXGroup;
			children = (
				BFBFDAE4249AE76700EEA965 /* RecordingPlayer */,
				BFBFDAB5249676B200EEA965 /* Recordings */,
				BFBFDAB4249676A700EEA965 /* Record */,
			);
			name = Scenes;
			path = ..;
			sourceTree = "<group>";
		};
		BFBFDAB4249676A700EEA965 /* Record */ = {
			isa = PBXGroup;
			children = (
				BFBFDAB8249676EA00EEA965 /* RecordViewController.swift */,
				BFBFDABC2496AC3900EEA965 /* RecordView.swift */,
				BFBFDAD32496BFF400EEA965 /* RecordingPlayer.swift */,
				BFBFDAD52496D38600EEA965 /* PlayerView.swift */,
				BFBFDADC2498E8CC00EEA965 /* PlayingTrack.swift */,
			);
			path = Record;
			sourceTree = "<group>";
		};
		BFBFDAB5249676B200EEA965 /* Recordings */ = {
			isa = PBXGroup;
			children = (
				BFBFDAB6249676C700EEA965 /* RecordingsViewController.swift */,
			);
			path = Recordings;
			sourceTree = "<group>";
		};
		BFBFDABE2496B41500EEA965 /* Resources */ = {
			isa = PBXGroup;
			children = (
				BFBFDABF2496B41A00EEA965 /* Fonts */,
			);
			path = Resources;
			sourceTree = "<group>";
		};
		BFBFDABF2496B41A00EEA965 /* Fonts */ = {
			isa = PBXGroup;
			children = (
				BFBFDAC02496B42000EEA965 /* Montserrat */,
			);
			path = Fonts;
			sourceTree = "<group>";
		};
		BFBFDAC02496B42000EEA965 /* Montserrat */ = {
			isa = PBXGroup;
			children = (
				BFBFDAC42496B44500EEA965 /* Montserrat-Bold.ttf */,
				BFBFDAC32496B44500EEA965 /* Montserrat-Light.ttf */,
				BFBFDAC22496B44500EEA965 /* Montserrat-Medium.ttf */,
				BFBFDAC12496B44500EEA965 /* Montserrat-Regular.ttf */,
				BFBFDAC52496B44500EEA965 /* Montserrat-SemiBold.ttf */,
				BFBFDAC62496B44600EEA965 /* Montserrat-Thin.ttf */,
			);
			path = Montserrat;
			sourceTree = "<group>";
		};
		BFBFDACF2496B7DB00EEA965 /* Extensions */ = {
			isa = PBXGroup;
			children = (
				BFBFDAD02496B7E100EEA965 /* Views */,
				BFBFDADE2499780900EEA965 /* TimeIntervalHelper.swift */,
				BFBFDAF0249B81E600EEA965 /* RoutersHelper.swift */,
			);
			path = Extensions;
			sourceTree = "<group>";
		};
		BFBFDAD02496B7E100EEA965 /* Views */ = {
			isa = PBXGroup;
			children = (
				BFBFDAD12496B7EE00EEA965 /* UIColorHelper.swift */,
				BFBFDAED249B0A7400EEA965 /* LayoutConstraintHelper.swift */,
			);
			path = Views;
			sourceTree = "<group>";
		};
		BFBFDAE0249997B700EEA965 /* Data */ = {
			isa = PBXGroup;
			children = (
				BFBFDAE1249997BE00EEA965 /* Local */,
			);
			path = Data;
			sourceTree = "<group>";
		};
		BFBFDAE1249997BE00EEA965 /* Local */ = {
			isa = PBXGroup;
			children = (
				BFBFDAE2249997CE00EEA965 /* DataBaseAcess.swift */,
			);
			path = Local;
			sourceTree = "<group>";
		};
		BFBFDAE4249AE76700EEA965 /* RecordingPlayer */ = {
			isa = PBXGroup;
			children = (
				BFBFDAE5249AE78000EEA965 /* RecordingPlayerViewController.swift */,
			);
			path = RecordingPlayer;
			sourceTree = "<group>";
		};
		BFBFDAE7249B096000EEA965 /* Components */ = {
			isa = PBXGroup;
			children = (
				BFBFDAEF249B0B4100EEA965 /* AudioPlayer */,
				BFBFDAE8249B098900EEA965 /* AudioPlayerComponent */,
			);
			path = Components;
			sourceTree = "<group>";
		};
		BFBFDAE8249B098900EEA965 /* AudioPlayerComponent */ = {
			isa = PBXGroup;
			children = (
				BFBFDAE9249B09C300EEA965 /* AudioPlayerComponent.swift */,
				BFBFDAEB249B0A0900EEA965 /* AudioPlayerComponentView.swift */,
			);
			path = AudioPlayerComponent;
			sourceTree = "<group>";
		};
		BFBFDAEF249B0B4100EEA965 /* AudioPlayer */ = {
			isa = PBXGroup;
			children = (
				BFBFDAD72496F99C00EEA965 /* AudioPlayer.swift */,
			);
			path = AudioPlayer;
			sourceTree = "<group>";
		};
/* End PBXGroup section */

/* Begin PBXNativeTarget section */
		BF5598C2248E8F83005DB9D6 /* AudioFoundationTest */ = {
			isa = PBXNativeTarget;
			buildConfigurationList = BF5598D7248E8F85005DB9D6 /* Build configuration list for PBXNativeTarget "AudioFoundationTest" */;
			buildPhases = (
				F5D3B290F79DB64328B9C00E /* [CP] Check Pods Manifest.lock */,
				BF5598BF248E8F83005DB9D6 /* Sources */,
				BF5598C0248E8F83005DB9D6 /* Frameworks */,
				BF5598C1248E8F83005DB9D6 /* Resources */,
				374C1B8D244E85F1975D0E70 /* [CP] Embed Pods Frameworks */,
				BFBFDAF2249BD9B600EEA965 /* SwiftLint */,
			);
			buildRules = (
			);
			dependencies = (
			);
			name = AudioFoundationTest;
			productName = AudioFoundationTest;
			productReference = BF5598C3248E8F83005DB9D6 /* Recording.app */;
			productType = "com.apple.product-type.application";
		};
/* End PBXNativeTarget section */

/* Begin PBXProject section */
		BF5598BB248E8F83005DB9D6 /* Project object */ = {
			isa = PBXProject;
			attributes = {
				LastSwiftUpdateCheck = 1130;
				LastUpgradeCheck = 1130;
				ORGANIZATIONNAME = "Luis Romero";
				TargetAttributes = {
					BF5598C2248E8F83005DB9D6 = {
						CreatedOnToolsVersion = 11.3.1;
					};
				};
			};
			buildConfigurationList = BF5598BE248E8F83005DB9D6 /* Build configuration list for PBXProject "AudioFoundationTest" */;
			compatibilityVersion = "Xcode 9.3";
			developmentRegion = en;
			hasScannedForEncodings = 0;
			knownRegions = (
				en,
				Base,
			);
			mainGroup = BF5598BA248E8F83005DB9D6;
			productRefGroup = BF5598C4248E8F83005DB9D6 /* Products */;
			projectDirPath = "";
			projectRoot = "";
			targets = (
				BF5598C2248E8F83005DB9D6 /* AudioFoundationTest */,
			);
		};
/* End PBXProject section */

/* Begin PBXResourcesBuildPhase section */
		BF5598C1248E8F83005DB9D6 /* Resources */ = {
			isa = PBXResourcesBuildPhase;
			buildActionMask = 2147483647;
			files = (
				BFBFDAC92496B44600EEA965 /* Montserrat-Light.ttf in Resources */,
				BFBFDAC72496B44600EEA965 /* Montserrat-Regular.ttf in Resources */,
				BFBFDACA2496B44600EEA965 /* Montserrat-Bold.ttf in Resources */,
				BFBFDACB2496B44600EEA965 /* Montserrat-SemiBold.ttf in Resources */,
				BF5598D3248E8F85005DB9D6 /* LaunchScreen.storyboard in Resources */,
				BFBFDAC82496B44600EEA965 /* Montserrat-Medium.ttf in Resources */,
				BFBFDACC2496B44600EEA965 /* Montserrat-Thin.ttf in Resources */,
				BF5598D0248E8F85005DB9D6 /* Assets.xcassets in Resources */,
			);
			runOnlyForDeploymentPostprocessing = 0;
		};
/* End PBXResourcesBuildPhase section */

/* Begin PBXShellScriptBuildPhase section */
		374C1B8D244E85F1975D0E70 /* [CP] Embed Pods Frameworks */ = {
			isa = PBXShellScriptBuildPhase;
			buildActionMask = 2147483647;
			files = (
			);
			inputFileListPaths = (
				"${PODS_ROOT}/Target Support Files/Pods-AudioFoundationTest/Pods-AudioFoundationTest-frameworks-${CONFIGURATION}-input-files.xcfilelist",
			);
			name = "[CP] Embed Pods Frameworks";
			outputFileListPaths = (
				"${PODS_ROOT}/Target Support Files/Pods-AudioFoundationTest/Pods-AudioFoundationTest-frameworks-${CONFIGURATION}-output-files.xcfilelist",
			);
			runOnlyForDeploymentPostprocessing = 0;
			shellPath = /bin/sh;
			shellScript = "\"${PODS_ROOT}/Target Support Files/Pods-AudioFoundationTest/Pods-AudioFoundationTest-frameworks.sh\"\n";
			showEnvVarsInLog = 0;
		};
		BFBFDAF2249BD9B600EEA965 /* SwiftLint */ = {
			isa = PBXShellScriptBuildPhase;
			buildActionMask = 2147483647;
			files = (
			);
			inputFileListPaths = (
			);
			inputPaths = (
			);
			name = SwiftLint;
			outputFileListPaths = (
			);
			outputPaths = (
			);
			runOnlyForDeploymentPostprocessing = 0;
			shellPath = /bin/sh;
			shellScript = "# Type a script or drag a script file from your workspace to insert its path.\nif which swiftlint >/dev/null; then\n  swiftlint\nelse\n  echo \"warning: SwiftLint not installed, download from https://github.com/realm/SwiftLint\"\nfi\n";
		};
		F5D3B290F79DB64328B9C00E /* [CP] Check Pods Manifest.lock */ = {
			isa = PBXShellScriptBuildPhase;
			buildActionMask = 2147483647;
			files = (
			);
			inputFileListPaths = (
			);
			inputPaths = (
				"${PODS_PODFILE_DIR_PATH}/Podfile.lock",
				"${PODS_ROOT}/Manifest.lock",
			);
			name = "[CP] Check Pods Manifest.lock";
			outputFileListPaths = (
			);
			outputPaths = (
				"$(DERIVED_FILE_DIR)/Pods-AudioFoundationTest-checkManifestLockResult.txt",
			);
			runOnlyForDeploymentPostprocessing = 0;
			shellPath = /bin/sh;
			shellScript = "diff \"${PODS_PODFILE_DIR_PATH}/Podfile.lock\" \"${PODS_ROOT}/Manifest.lock\" > /dev/null\nif [ $? != 0 ] ; then\n    # print error to STDERR\n    echo \"error: The sandbox is not in sync with the Podfile.lock. Run 'pod install' or update your CocoaPods installation.\" >&2\n    exit 1\nfi\n# This output is used by Xcode 'outputs' to avoid re-running this script phase.\necho \"SUCCESS\" > \"${SCRIPT_OUTPUT_FILE_0}\"\n";
			showEnvVarsInLog = 0;
		};
/* End PBXShellScriptBuildPhase section */

/* Begin PBXSourcesBuildPhase section */
		BF5598BF248E8F83005DB9D6 /* Sources */ = {
			isa = PBXSourcesBuildPhase;
			buildActionMask = 2147483647;
			files = (
				BFBFDABB2496771E00EEA965 /* AppCoordinator.swift in Sources */,
				BF5598E2248EEEDA005DB9D6 /* RecordingCollectionViewCell.swift in Sources */,
				BF5598DF248EEE67005DB9D6 /* RecordingsDataSource.swift in Sources */,
				BF5598E4248EF2C4005DB9D6 /* RecordingsCollectionLayout.swift in Sources */,
				BFBFDAD62496D38600EEA965 /* PlayerView.swift in Sources */,
				BF5598DD248EE80A005DB9D6 /* RecordingsCollectionView.swift in Sources */,
				BFBFDAB7249676C700EEA965 /* RecordingsViewController.swift in Sources */,
				BFBFDADF2499780900EEA965 /* TimeIntervalHelper.swift in Sources */,
				BFBFDAB9249676EA00EEA965 /* RecordViewController.swift in Sources */,
				BFBFDABD2496AC3900EEA965 /* RecordView.swift in Sources */,
				BFBFDAD42496BFF400EEA965 /* RecordingPlayer.swift in Sources */,
				BFBFDAD82496F99C00EEA965 /* AudioPlayer.swift in Sources */,
				BF5598EB24917352005DB9D6 /* PlayerStatus.swift in Sources */,
				BFBFDAEE249B0A7400EEA965 /* LayoutConstraintHelper.swift in Sources */,
				BFBFDAEA249B09C300EEA965 /* AudioPlayerComponent.swift in Sources */,
				BFBFDAF1249B81E600EEA965 /* RoutersHelper.swift in Sources */,
				BF5598C7248E8F83005DB9D6 /* AppDelegate.swift in Sources */,
				BFBFDACE2496B5AA00EEA965 /* Constants.swift in Sources */,
				BFBFDADD2498E8CC00EEA965 /* PlayingTrack.swift in Sources */,
				BFBFDAD22496B7EE00EEA965 /* UIColorHelper.swift in Sources */,
				BF5598DB248EA26A005DB9D6 /* AudioPlayerView.swift in Sources */,
				BF5598E6248EF9DC005DB9D6 /* Recording.swift in Sources */,
				BFBFDAE3249997CE00EEA965 /* DataBaseAcess.swift in Sources */,
				BFBFDAEC249B0A0900EEA965 /* AudioPlayerComponentView.swift in Sources */,
				BFBFDAE6249AE78000EEA965 /* RecordingPlayerViewController.swift in Sources */,
			);
			runOnlyForDeploymentPostprocessing = 0;
		};
/* End PBXSourcesBuildPhase section */

/* Begin PBXVariantGroup section */
		BF5598D1248E8F85005DB9D6 /* LaunchScreen.storyboard */ = {
			isa = PBXVariantGroup;
			children = (
				BF5598D2248E8F85005DB9D6 /* Base */,
			);
			name = LaunchScreen.storyboard;
			sourceTree = "<group>";
		};
/* End PBXVariantGroup section */

/* Begin XCBuildConfiguration section */
		BF5598D5248E8F85005DB9D6 /* Debug */ = {
			isa = XCBuildConfiguration;
			buildSettings = {
				ALWAYS_SEARCH_USER_PATHS = NO;
				CLANG_ANALYZER_NONNULL = YES;
				CLANG_ANALYZER_NUMBER_OBJECT_CONVERSION = YES_AGGRESSIVE;
				CLANG_CXX_LANGUAGE_STANDARD = "gnu++14";
				CLANG_CXX_LIBRARY = "libc++";
				CLANG_ENABLE_MODULES = YES;
				CLANG_ENABLE_OBJC_ARC = YES;
				CLANG_ENABLE_OBJC_WEAK = YES;
				CLANG_WARN_BLOCK_CAPTURE_AUTORELEASING = YES;
				CLANG_WARN_BOOL_CONVERSION = YES;
				CLANG_WARN_COMMA = YES;
				CLANG_WARN_CONSTANT_CONVERSION = YES;
				CLANG_WARN_DEPRECATED_OBJC_IMPLEMENTATIONS = YES;
				CLANG_WARN_DIRECT_OBJC_ISA_USAGE = YES_ERROR;
				CLANG_WARN_DOCUMENTATION_COMMENTS = YES;
				CLANG_WARN_EMPTY_BODY = YES;
				CLANG_WARN_ENUM_CONVERSION = YES;
				CLANG_WARN_INFINITE_RECURSION = YES;
				CLANG_WARN_INT_CONVERSION = YES;
				CLANG_WARN_NON_LITERAL_NULL_CONVERSION = YES;
				CLANG_WARN_OBJC_IMPLICIT_RETAIN_SELF = YES;
				CLANG_WARN_OBJC_LITERAL_CONVERSION = YES;
				CLANG_WARN_OBJC_ROOT_CLASS = YES_ERROR;
				CLANG_WARN_RANGE_LOOP_ANALYSIS = YES;
				CLANG_WARN_STRICT_PROTOTYPES = YES;
				CLANG_WARN_SUSPICIOUS_MOVE = YES;
				CLANG_WARN_UNGUARDED_AVAILABILITY = YES_AGGRESSIVE;
				CLANG_WARN_UNREACHABLE_CODE = YES;
				CLANG_WARN__DUPLICATE_METHOD_MATCH = YES;
				COPY_PHASE_STRIP = NO;
				DEBUG_INFORMATION_FORMAT = dwarf;
				ENABLE_STRICT_OBJC_MSGSEND = YES;
				ENABLE_TESTABILITY = YES;
				GCC_C_LANGUAGE_STANDARD = gnu11;
				GCC_DYNAMIC_NO_PIC = NO;
				GCC_NO_COMMON_BLOCKS = YES;
				GCC_OPTIMIZATION_LEVEL = 0;
				GCC_PREPROCESSOR_DEFINITIONS = (
					"DEBUG=1",
					"$(inherited)",
				);
				GCC_WARN_64_TO_32_BIT_CONVERSION = YES;
				GCC_WARN_ABOUT_RETURN_TYPE = YES_ERROR;
				GCC_WARN_UNDECLARED_SELECTOR = YES;
				GCC_WARN_UNINITIALIZED_AUTOS = YES_AGGRESSIVE;
				GCC_WARN_UNUSED_FUNCTION = YES;
				GCC_WARN_UNUSED_VARIABLE = YES;
				IPHONEOS_DEPLOYMENT_TARGET = 13.2;
				MTL_ENABLE_DEBUG_INFO = INCLUDE_SOURCE;
				MTL_FAST_MATH = YES;
				ONLY_ACTIVE_ARCH = YES;
				SDKROOT = iphoneos;
				SWIFT_ACTIVE_COMPILATION_CONDITIONS = DEBUG;
				SWIFT_OPTIMIZATION_LEVEL = "-Onone";
			};
			name = Debug;
		};
		BF5598D6248E8F85005DB9D6 /* Release */ = {
			isa = XCBuildConfiguration;
			buildSettings = {
				ALWAYS_SEARCH_USER_PATHS = NO;
				CLANG_ANALYZER_NONNULL = YES;
				CLANG_ANALYZER_NUMBER_OBJECT_CONVERSION = YES_AGGRESSIVE;
				CLANG_CXX_LANGUAGE_STANDARD = "gnu++14";
				CLANG_CXX_LIBRARY = "libc++";
				CLANG_ENABLE_MODULES = YES;
				CLANG_ENABLE_OBJC_ARC = YES;
				CLANG_ENABLE_OBJC_WEAK = YES;
				CLANG_WARN_BLOCK_CAPTURE_AUTORELEASING = YES;
				CLANG_WARN_BOOL_CONVERSION = YES;
				CLANG_WARN_COMMA = YES;
				CLANG_WARN_CONSTANT_CONVERSION = YES;
				CLANG_WARN_DEPRECATED_OBJC_IMPLEMENTATIONS = YES;
				CLANG_WARN_DIRECT_OBJC_ISA_USAGE = YES_ERROR;
				CLANG_WARN_DOCUMENTATION_COMMENTS = YES;
				CLANG_WARN_EMPTY_BODY = YES;
				CLANG_WARN_ENUM_CONVERSION = YES;
				CLANG_WARN_INFINITE_RECURSION = YES;
				CLANG_WARN_INT_CONVERSION = YES;
				CLANG_WARN_NON_LITERAL_NULL_CONVERSION = YES;
				CLANG_WARN_OBJC_IMPLICIT_RETAIN_SELF = YES;
				CLANG_WARN_OBJC_LITERAL_CONVERSION = YES;
				CLANG_WARN_OBJC_ROOT_CLASS = YES_ERROR;
				CLANG_WARN_RANGE_LOOP_ANALYSIS = YES;
				CLANG_WARN_STRICT_PROTOTYPES = YES;
				CLANG_WARN_SUSPICIOUS_MOVE = YES;
				CLANG_WARN_UNGUARDED_AVAILABILITY = YES_AGGRESSIVE;
				CLANG_WARN_UNREACHABLE_CODE = YES;
				CLANG_WARN__DUPLICATE_METHOD_MATCH = YES;
				COPY_PHASE_STRIP = NO;
				DEBUG_INFORMATION_FORMAT = "dwarf-with-dsym";
				ENABLE_NS_ASSERTIONS = NO;
				ENABLE_STRICT_OBJC_MSGSEND = YES;
				GCC_C_LANGUAGE_STANDARD = gnu11;
				GCC_NO_COMMON_BLOCKS = YES;
				GCC_WARN_64_TO_32_BIT_CONVERSION = YES;
				GCC_WARN_ABOUT_RETURN_TYPE = YES_ERROR;
				GCC_WARN_UNDECLARED_SELECTOR = YES;
				GCC_WARN_UNINITIALIZED_AUTOS = YES_AGGRESSIVE;
				GCC_WARN_UNUSED_FUNCTION = YES;
				GCC_WARN_UNUSED_VARIABLE = YES;
				IPHONEOS_DEPLOYMENT_TARGET = 13.2;
				MTL_ENABLE_DEBUG_INFO = NO;
				MTL_FAST_MATH = YES;
				SDKROOT = iphoneos;
				SWIFT_COMPILATION_MODE = wholemodule;
				SWIFT_OPTIMIZATION_LEVEL = "-O";
				VALIDATE_PRODUCT = YES;
			};
			name = Release;
		};
		BF5598D8248E8F85005DB9D6 /* Debug */ = {
			isa = XCBuildConfiguration;
			baseConfigurationReference = 6DE70B600E3C400CFB6AD785 /* Pods-AudioFoundationTest.debug.xcconfig */;
			buildSettings = {
				ASSETCATALOG_COMPILER_APPICON_NAME = AppIcon;
				CODE_SIGN_STYLE = Automatic;
				DEVELOPMENT_TEAM = C6QZ6SJB3K;
				INFOPLIST_FILE = AudioFoundationTest/Info.plist;
				IPHONEOS_DEPLOYMENT_TARGET = 12.0;
				LD_RUNPATH_SEARCH_PATHS = (
					"$(inherited)",
					"@executable_path/Frameworks",
				);
				PRODUCT_BUNDLE_IDENTIFIER = org.shadow.AudioFoundationTest;
				PRODUCT_NAME = Recording;
				SWIFT_VERSION = 5.0;
				TARGETED_DEVICE_FAMILY = "1,2";
			};
			name = Debug;
		};
		BF5598D9248E8F85005DB9D6 /* Release */ = {
			isa = XCBuildConfiguration;
			baseConfigurationReference = 33C8B9D05F56559D9B985F7A /* Pods-AudioFoundationTest.release.xcconfig */;
			buildSettings = {
				ASSETCATALOG_COMPILER_APPICON_NAME = AppIcon;
				CODE_SIGN_STYLE = Automatic;
				DEVELOPMENT_TEAM = C6QZ6SJB3K;
				INFOPLIST_FILE = AudioFoundationTest/Info.plist;
				IPHONEOS_DEPLOYMENT_TARGET = 12.0;
				LD_RUNPATH_SEARCH_PATHS = (
					"$(inherited)",
					"@executable_path/Frameworks",
				);
				PRODUCT_BUNDLE_IDENTIFIER = org.shadow.AudioFoundationTest;
				PRODUCT_NAME = Recording;
				SWIFT_VERSION = 5.0;
				TARGETED_DEVICE_FAMILY = "1,2";
			};
			name = Release;
		};
/* End XCBuildConfiguration section */

/* Begin XCConfigurationList section */
		BF5598BE248E8F83005DB9D6 /* Build configuration list for PBXProject "AudioFoundationTest" */ = {
			isa = XCConfigurationList;
			buildConfigurations = (
				BF5598D5248E8F85005DB9D6 /* Debug */,
				BF5598D6248E8F85005DB9D6 /* Release */,
			);
			defaultConfigurationIsVisible = 0;
			defaultConfigurationName = Release;
		};
		BF5598D7248E8F85005DB9D6 /* Build configuration list for PBXNativeTarget "AudioFoundationTest" */ = {
			isa = XCConfigurationList;
			buildConfigurations = (
				BF5598D8248E8F85005DB9D6 /* Debug */,
				BF5598D9248E8F85005DB9D6 /* Release */,
			);
			defaultConfigurationIsVisible = 0;
			defaultConfigurationName = Release;
		};
/* End XCConfigurationList section */
	};
	rootObject = BF5598BB248E8F83005DB9D6 /* Project object */;
}
